# This file was autogenerated by uv via the following command:
#    uv pip compile requirements.txt -o requirements.lock --python-version 3.11
annotated-types==0.7.0
    # via pydantic
anyio==4.13.0
    # via httpx
apify-fingerprint-datapoints==0.13.0
    # via browserforge
beautifulsoup4==4.15.0
    # via -r requirements.txt
brotli==1.2.0
    # via httpx
browserforge==1.2.4
    # via -r requirements.txt
certifi==2026.5.20
    # via
    #   curl-cffi
    #   httpcore
    #   httpx
    #   requests
cffi==2.0.0
    # via
    #   cryptography
    #   curl-cffi
charset-normalizer==3.4.7
    # via requests
click==8.4.1
    # via
    #   browserforge
    #   ddgs
colorama==0.4.6
    # via click
cryptography==49.0.0
    # via google-auth
cssselect==1.4.0
    # via scrapling
curl-cffi==0.15.0
    # via -r requirements.txt
ddgs==9.14.4
    # via -r requirements.txt
fake-useragent==2.2.0
    # via ddgs
google-api-core==2.31.0
    # via google-api-python-client
google-api-python-client==2.197.0
    # via -r requirements.txt
google-auth==2.54.0
    # via
    #   -r requirements.txt
    #   google-api-core
    #   google-api-python-client
    #   google-auth-httplib2
google-auth-httplib2==0.4.0
    # via google-api-python-client
googleapis-common-protos==1.75.0
    # via google-api-core
greenlet==3.5.1
    # via playwright
h11==0.16.0
    # via httpcore
h2==4.3.0
    # via httpx
hpack==4.1.0
    # via h2
httpcore==1.0.9
    # via httpx
httplib2==0.31.2
    # via
    #   google-api-python-client
    #   google-auth-httplib2
httpx==0.28.1
    # via
    #   -r requirements.txt
    #   ddgs
hyperframe==6.1.0
    # via h2
idna==3.18
    # via
    #   anyio
    #   httpx
    #   requests
lxml==6.1.1
    # via
    #   ddgs
    #   scrapling
markdown-it-py==4.2.0
    # via rich
mdurl==0.1.2
    # via markdown-it-py
orjson==3.11.9
    # via scrapling
playwright==1.60.0
    # via -r requirements.txt
primp==1.3.1
    # via ddgs
proto-plus==1.28.0
    # via google-api-core
protobuf==7.35.1
    # via
    #   google-api-core
    #   googleapis-common-protos
    #   proto-plus
pyasn1==0.6.3
    # via pyasn1-modules
pyasn1-modules==0.4.2
    # via google-auth
pycparser==3.0
    # via cffi
pydantic==2.13.4
    # via -r requirements.txt
pydantic-core==2.46.4
    # via pydantic
pyee==13.0.1
    # via playwright
pygments==2.20.0
    # via rich
pyparsing==3.3.2
    # via httplib2
requests==2.34.2
    # via google-api-core
rich==15.0.0
    # via curl-cffi
scrapling==0.4.9
    # via -r requirements.txt
socksio==1.0.0
    # via httpx
soupsieve==2.8.4
    # via beautifulsoup4
tld==0.13.2
    # via scrapling
typing-extensions==4.15.0
    # via
    #   anyio
    #   beautifulsoup4
    #   pydantic
    #   pydantic-core
    #   pyee
    #   scrapling
    #   typing-inspection
typing-inspection==0.4.2
    # via pydantic
uritemplate==4.2.0
    # via google-api-python-client
urllib3==2.7.0
    # via requests
w3lib==2.4.1
    # via scrapling
